
Microsoft Visual Studio Solution File, Format Version 12.00
# Visual Studio Version 16
VisualStudioVersion = 16.0.29201.188
MinimumVisualStudioVersion = 10.0.40219.1
Project("{FAE04EC0-301F-11D3-BF4B-00C04F79EFBC}") = "Lab_8_Get_To_Know_Classmate", "Lab_8_Get_To_Know_Classmate.csproj", "{0799E825-921F-42E2-AFD7-84EEBC0AEB96}"
EndProject
Global
	GlobalSection(SolutionConfigurationPlatforms) = preSolution
		Debug|Any CPU = Debug|Any CPU
		Release|Any CPU = Release|Any CPU
	EndGlobalSection
	GlobalSection(ProjectConfigurationPlatforms) = postSolution
		{0799E825-921F-42E2-AFD7-84EEBC0AEB96}.Debug|Any CPU.ActiveCfg = Debug|Any CPU
		{0799E825-921F-42E2-AFD7-84EEBC0AEB96}.Debug|Any CPU.Build.0 = Debug|Any CPU
		{0799E825-921F-42E2-AFD7-84EEBC0AEB96}.Release|Any CPU.ActiveCfg = Release|Any CPU
		{0799E825-921F-42E2-AFD7-84EEBC0AEB96}.Release|Any CPU.Build.0 = Release|Any CPU
	EndGlobalSection
	GlobalSection(SolutionProperties) = preSolution
		HideSolutionNode = FALSE
	EndGlobalSection
	GlobalSection(ExtensibilityGlobals) = postSolution
		SolutionGuid = {B7A049B9-BE7F-4A1B-AC2C-F0C883BF175F}
	EndGlobalSection
EndGlobal
